
Microsoft Visual Studio Solution File, Format Version 12.00
# Visual Studio Version 16
VisualStudioVersion = 16.0.30804.86
MinimumVisualStudioVersion = 10.0.40219.1
Project("{9A19103F-16F7-4668-BE54-9A1E7A4F7556}") = "DataAccess", "DataAccess\DataAccess.csproj", "{AA593A75-EF3B-477B-AAB0-C375DA043853}"
EndProject
Project("{9A19103F-16F7-4668-BE54-9A1E7A4F7556}") = "Business", "Business\Business.csproj", "{A6A6712C-2C4F-451C-94E3-396330868524}"
EndProject
Project("{9A19103F-16F7-4668-BE54-9A1E7A4F7556}") = "Entities", "Entities\Entities.csproj", "{B093E61F-DBB7-49FD-8643-D850E4522F03}"
EndProject
Project("{9A19103F-16F7-4668-BE54-9A1E7A4F7556}") = "ConsoleTest", "ConsoleTest\ConsoleTest.csproj", "{C60E4FAD-8D13-429B-A14A-B3BB4C7C96BB}"
EndProject
Project("{9A19103F-16F7-4668-BE54-9A1E7A4F7556}") = "Core", "Core\Core.csproj", "{72490602-A44B-428B-9569-F1E8462F03D3}"
EndProject
Project("{FAE04EC0-301F-11D3-BF4B-00C04F79EFBC}") = "WebAPI", "WebAPI\WebAPI.csproj", "{66F41131-0E62-499F-B934-AD0E0796C942}"
EndProject
Global
	GlobalSection(SolutionConfigurationPlatforms) = preSolution
		Debug|Any CPU = Debug|Any CPU
		Debug|x64 = Debug|x64
		Debug|x86 = Debug|x86
		Release|Any CPU = Release|Any CPU
		Release|x64 = Release|x64
		Release|x86 = Release|x86
	EndGlobalSection
	GlobalSection(ProjectConfigurationPlatforms) = postSolution
		{AA593A75-EF3B-477B-AAB0-C375DA043853}.Debug|Any CPU.ActiveCfg = Debug|Any CPU
		{AA593A75-EF3B-477B-AAB0-C375DA043853}.Debug|Any CPU.Build.0 = Debug|Any CPU
		{AA593A75-EF3B-477B-AAB0-C375DA043853}.Debug|x64.ActiveCfg = Debug|Any CPU
		{AA593A75-EF3B-477B-AAB0-C375DA043853}.Debug|x64.Build.0 = Debug|Any CPU
		{AA593A75-EF3B-477B-AAB0-C375DA043853}.Debug|x86.ActiveCfg = Debug|Any CPU
		{AA593A75-EF3B-477B-AAB0-C375DA043853}.Debug|x86.Build.0 = Debug|Any CPU
		{AA593A75-EF3B-477B-AAB0-C375DA043853}.Release|Any CPU.ActiveCfg = Release|Any CPU
		{AA593A75-EF3B-477B-AAB0-C375DA043853}.Release|Any CPU.Build.0 = Release|Any CPU
		{AA593A75-EF3B-477B-AAB0-C375DA043853}.Release|x64.ActiveCfg = Release|Any CPU
		{AA593A75-EF3B-477B-AAB0-C375DA043853}.Release|x64.Build.0 = Release|Any CPU
		{AA593A75-EF3B-477B-AAB0-C375DA043853}.Release|x86.ActiveCfg = Release|Any CPU
		{AA593A75-EF3B-477B-AAB0-C375DA043853}.Release|x86.Build.0 = Release|Any CPU
		{A6A6712C-2C4F-451C-94E3-396330868524}.Debug|Any CPU.ActiveCfg = Debug|Any CPU
		{A6A6712C-2C4F-451C-94E3-396330868524}.Debug|Any CPU.Build.0 = Debug|Any CPU
		{A6A6712C-2C4F-451C-94E3-396330868524}.Debug|x64.ActiveCfg = Debug|Any CPU
		{A6A6712C-2C4F-451C-94E3-396330868524}.Debug|x64.Build.0 = Debug|Any CPU
		{A6A6712C-2C4F-451C-94E3-396330868524}.Debug|x86.ActiveCfg = Debug|Any CPU
		{A6A6712C-2C4F-451C-94E3-396330868524}.Debug|x86.Build.0 = Debug|Any CPU
		{A6A6712C-2C4F-451C-94E3-396330868524}.Release|Any CPU.ActiveCfg = Release|Any CPU
		{A6A6712C-2C4F-451C-94E3-396330868524}.Release|Any CPU.Build.0 = Release|Any CPU
		{A6A6712C-2C4F-451C-94E3-396330868524}.Release|x64.ActiveCfg = Release|Any CPU
		{A6A6712C-2C4F-451C-94E3-396330868524}.Release|x64.Build.0 = Release|Any CPU
		{A6A6712C-2C4F-451C-94E3-396330868524}.Release|x86.ActiveCfg = Release|Any CPU
		{A6A6712C-2C4F-451C-94E3-396330868524}.Release|x86.Build.0 = Release|Any CPU
		{B093E61F-DBB7-49FD-8643-D850E4522F03}.Debug|Any CPU.ActiveCfg = Debug|Any CPU
		{B093E61F-DBB7-49FD-8643-D850E4522F03}.Debug|Any CPU.Build.0 = Debug|Any CPU
		{B093E61F-DBB7-49FD-8643-D850E4522F03}.Debug|x64.ActiveCfg = Debug|Any CPU
		{B093E61F-DBB7-49FD-8643-D850E4522F03}.Debug|x64.Build.0 = Debug|Any CPU
		{B093E61F-DBB7-49FD-8643-D850E4522F03}.Debug|x86.ActiveCfg = Debug|Any CPU
		{B093E61F-DBB7-49FD-8643-D850E4522F03}.Debug|x86.Build.0 = Debug|Any CPU
		{B093E61F-DBB7-49FD-8643-D850E4522F03}.Release|Any CPU.ActiveCfg = Release|Any CPU
		{B093E61F-DBB7-49FD-8643-D850E4522F03}.Release|Any CPU.Build.0 = Release|Any CPU
		{B093E61F-DBB7-49FD-8643-D850E4522F03}.Release|x64.ActiveCfg = Release|Any CPU
		{B093E61F-DBB7-49FD-8643-D850E4522F03}.Release|x64.Build.0 = Release|Any CPU
		{B093E61F-DBB7-49FD-8643-D850E4522F03}.Release|x86.ActiveCfg = Release|Any CPU
		{B093E61F-DBB7-49FD-8643-D850E4522F03}.Release|x86.Build.0 = Release|Any CPU
		{C60E4FAD-8D13-429B-A14A-B3BB4C7C96BB}.Debug|Any CPU.ActiveCfg = Debug|Any CPU
		{C60E4FAD-8D13-429B-A14A-B3BB4C7C96BB}.Debug|Any CPU.Build.0 = Debug|Any CPU
		{C60E4FAD-8D13-429B-A14A-B3BB4C7C96BB}.Debug|x64.ActiveCfg = Debug|Any CPU
		{C60E4FAD-8D13-429B-A14A-B3BB4C7C96BB}.Debug|x64.Build.0 = Debug|Any CPU
		{C60E4FAD-8D13-429B-A14A-B3BB4C7C96BB}.Debug|x86.ActiveCfg = Debug|Any CPU
		{C60E4FAD-8D13-429B-A14A-B3BB4C7C96BB}.Debug|x86.Build.0 = Debug|Any CPU
		{C60E4FAD-8D13-429B-A14A-B3BB4C7C96BB}.Release|Any CPU.ActiveCfg = Release|Any CPU
		{C60E4FAD-8D13-429B-A14A-B3BB4C7C96BB}.Release|Any CPU.Build.0 = Release|Any CPU
		{C60E4FAD-8D13-429B-A14A-B3BB4C7C96BB}.Release|x64.ActiveCfg = Release|Any CPU
		{C60E4FAD-8D13-429B-A14A-B3BB4C7C96BB}.Release|x64.Build.0 = Release|Any CPU
		{C60E4FAD-8D13-429B-A14A-B3BB4C7C96BB}.Release|x86.ActiveCfg = Release|Any CPU
		{C60E4FAD-8D13-429B-A14A-B3BB4C7C96BB}.Release|x86.Build.0 = Release|Any CPU
		{72490602-A44B-428B-9569-F1E8462F03D3}.Debug|Any CPU.ActiveCfg = Debug|Any CPU
		{72490602-A44B-428B-9569-F1E8462F03D3}.Debug|Any CPU.Build.0 = Debug|Any CPU
		{72490602-A44B-428B-9569-F1E8462F03D3}.Debug|x64.ActiveCfg = Debug|Any CPU
		{72490602-A44B-428B-9569-F1E8462F03D3}.Debug|x64.Build.0 = Debug|Any CPU
		{72490602-A44B-428B-9569-F1E8462F03D3}.Debug|x86.ActiveCfg = Debug|Any CPU
		{72490602-A44B-428B-9569-F1E8462F03D3}.Debug|x86.Build.0 = Debug|Any CPU
		{72490602-A44B-428B-9569-F1E8462F03D3}.Release|Any CPU.ActiveCfg = Release|Any CPU
		{72490602-A44B-428B-9569-F1E8462F03D3}.Release|Any CPU.Build.0 = Release|Any CPU
		{72490602-A44B-428B-9569-F1E8462F03D3}.Release|x64.ActiveCfg = Release|Any CPU
		{72490602-A44B-428B-9569-F1E8462F03D3}.Release|x64.Build.0 = Release|Any CPU
		{72490602-A44B-428B-9569-F1E8462F03D3}.Release|x86.ActiveCfg = Release|Any CPU
		{72490602-A44B-428B-9569-F1E8462F03D3}.Release|x86.Build.0 = Release|Any CPU
		{66F41131-0E62-499F-B934-AD0E0796C942}.Debug|Any CPU.ActiveCfg = Debug|Any CPU
		{66F41131-0E62-499F-B934-AD0E0796C942}.Debug|Any CPU.Build.0 = Debug|Any CPU
		{66F41131-0E62-499F-B934-AD0E0796C942}.Debug|x64.ActiveCfg = Debug|Any CPU
		{66F41131-0E62-499F-B934-AD0E0796C942}.Debug|x64.Build.0 = Debug|Any CPU
		{66F41131-0E62-499F-B934-AD0E0796C942}.Debug|x86.ActiveCfg = Debug|Any CPU
		{66F41131-0E62-499F-B934-AD0E0796C942}.Debug|x86.Build.0 = Debug|Any CPU
		{66F41131-0E62-499F-B934-AD0E0796C942}.Release|Any CPU.ActiveCfg = Release|Any CPU
		{66F41131-0E62-499F-B934-AD0E0796C942}.Release|Any CPU.Build.0 = Release|Any CPU
		{66F41131-0E62-499F-B934-AD0E0796C942}.Release|x64.ActiveCfg = Release|Any CPU
		{66F41131-0E62-499F-B934-AD0E0796C942}.Release|x64.Build.0 = Release|Any CPU
		{66F41131-0E62-499F-B934-AD0E0796C942}.Release|x86.ActiveCfg = Release|Any CPU
		{66F41131-0E62-499F-B934-AD0E0796C942}.Release|x86.Build.0 = Release|Any CPU
	EndGlobalSection
	GlobalSection(SolutionProperties) = preSolution
		HideSolutionNode = FALSE
	EndGlobalSection
	GlobalSection(ExtensibilityGlobals) = postSolution
		SolutionGuid = {8CDCF2B0-A795-49E0-BBD5-0EA5583E9E65}
	EndGlobalSection
EndGlobal
